github.com/defenseunicorns/defense-unicorns-hugo-theme v0.1.7 h1:eonmX10A5vqep0YmM/cXVKf5i1lG2BkYXdGER1GPSpQ=
github.com/defenseunicorns/defense-unicorns-hugo-theme v0.1.7/go.mod h1:RDNi6FUacHV5OvtLp3VcJZK3Vir88VopOuyGmtTGOSg=
github.com/defenseunicorns/defense-unicorns-hugo-theme/dependencies v0.1.7 h1:kui13b1jkLMxNC0aEinmrFfJH/fRp2C9oYq4GbxivQ4=
github.com/defenseunicorns/defense-unicorns-hugo-theme/dependencies v0.1.7/go.mod h1:dl5wAFhn5kVPONg4zLhI3I8IIx+TX+N+sUyr8Wrs32E=
