github.com/defenseunicorns/defense-unicorns-hugo-theme v0.1.4 h1:vs0KFkLrim8OlEevg8i+kYGkuL31Xkcz3wdpQXp8tmg=
github.com/defenseunicorns/defense-unicorns-hugo-theme v0.1.4/go.mod h1:s50qqJDlhDrWipfFJxXl6HMBHxcYf4y6IOdusPyQAtY=
github.com/defenseunicorns/defense-unicorns-hugo-theme/dependencies v0.1.4 h1:j9sogr6JGdPv8WozaHd50jmmYq6YeO7wISQkovxh7tQ=
github.com/defenseunicorns/defense-unicorns-hugo-theme/dependencies v0.1.4/go.mod h1:dl5wAFhn5kVPONg4zLhI3I8IIx+TX+N+sUyr8Wrs32E=
